
Microsoft Visual Studio Solution File, Format Version 12.00
Project("{FAE04EC0-301F-11D3-BF4B-00C04F79EFBC}") = "APBD9", "APBD9\APBD9.csproj", "{F70C588A-6DB4-4842-999D-A353640FFB7D}"
EndProject
Global
	GlobalSection(SolutionConfigurationPlatforms) = preSolution
		Debug|Any CPU = Debug|Any CPU
		Release|Any CPU = Release|Any CPU
	EndGlobalSection
	GlobalSection(ProjectConfigurationPlatforms) = postSolution
		{F70C588A-6DB4-4842-999D-A353640FFB7D}.Debug|Any CPU.ActiveCfg = Debug|Any CPU
		{F70C588A-6DB4-4842-999D-A353640FFB7D}.Debug|Any CPU.Build.0 = Debug|Any CPU
		{F70C588A-6DB4-4842-999D-A353640FFB7D}.Release|Any CPU.ActiveCfg = Release|Any CPU
		{F70C588A-6DB4-4842-999D-A353640FFB7D}.Release|Any CPU.Build.0 = Release|Any CPU
	EndGlobalSection
EndGlobal
